
Microsoft Visual Studio Solution File, Format Version 12.00
# Visual Studio Version 17
VisualStudioVersion = 17.11.35222.181
MinimumVisualStudioVersion = 10.0.40219.1
Project("{9A19103F-16F7-4668-BE54-9A1E7A4F7556}") = "bookshop", "bookshop\bookshop.csproj", "{94E4B256-E9ED-4870-8642-75F3A83719A1}"
EndProject
Global
	GlobalSection(SolutionConfigurationPlatforms) = preSolution
		Debug|Any CPU = Debug|Any CPU
		Release|Any CPU = Release|Any CPU
	EndGlobalSection
	GlobalSection(ProjectConfigurationPlatforms) = postSolution
		{94E4B256-E9ED-4870-8642-75F3A83719A1}.Debug|Any CPU.ActiveCfg = Debug|Any CPU
		{94E4B256-E9ED-4870-8642-75F3A83719A1}.Debug|Any CPU.Build.0 = Debug|Any CPU
		{94E4B256-E9ED-4870-8642-75F3A83719A1}.Release|Any CPU.ActiveCfg = Release|Any CPU
		{94E4B256-E9ED-4870-8642-75F3A83719A1}.Release|Any CPU.Build.0 = Release|Any CPU
	EndGlobalSection
	GlobalSection(SolutionProperties) = preSolution
		HideSolutionNode = FALSE
	EndGlobalSection
	GlobalSection(ExtensibilityGlobals) = postSolution
		SolutionGuid = {869F6E3F-D2DB-4859-8F09-CD4DE40ED6E4}
	EndGlobalSection
EndGlobal
